{
  "originHash" : "d82f87e2de64ddbc22093a2ee464556d6573d7cf280f60adbb8cc304b94b89d0",
  "pins" : [
    {
      "identity" : "expression",
      "kind" : "remoteSourceControl",
      "location" : "https://github.com/nicklockwood/Expression.git",
      "state" : {
        "revision" : "95ffe4c352e456cede933d9910d25b9c84039d1b",
        "version" : "0.13.9"
      }
    }
  ],
  "version" : 3
}
