// !$*UTF8*$!
{
	archiveVersion = 1;
	classes = {
	};
	objectVersion = 56;
	objects = {

/* Begin PBXBuildFile section */
		8357C7902C39CC2C003FCAF5 /* TopView.swift in Sources */ = {isa = PBXBuildFile; fileRef = 8357C78F2C39CC2C003FCAF5 /* TopView.swift */; };
		839283EB2DD98A3900E1916C /* MainScreen.swift in Sources */ = {isa = PBXBuildFile; fileRef = 839283EA2DD98A3900E1916C /* MainScreen.swift */; };
		839F3F682DE4173D002C68FF /* Expression in Frameworks */ = {isa = PBXBuildFile; productRef = 839F3F672DE4173D002C68FF /* Expression */; };
		83B8B78E295988A400AF4ED3 /* SungCalculatorApp.swift in Sources */ = {isa = PBXBuildFile; fileRef = 83B8B78D295988A400AF4ED3 /* SungCalculatorApp.swift */; };
		83B8B790295988A400AF4ED3 /* ContentView.swift in Sources */ = {isa = PBXBuildFile; fileRef = 83B8B78F295988A400AF4ED3 /* ContentView.swift */; };
		83B8B792295988A700AF4ED3 /* Assets.xcassets in Resources */ = {isa = PBXBuildFile; fileRef = 83B8B791295988A700AF4ED3 /* Assets.xcassets */; };
		83B8B795295988A700AF4ED3 /* Preview Assets.xcassets in Resources */ = {isa = PBXBuildFile; fileRef = 83B8B794295988A700AF4ED3 /* Preview Assets.xcassets */; };
		83B8B79E29598D4800AF4ED3 /* ButtonView.swift in Sources */ = {isa = PBXBuildFile; fileRef = 83B8B79D29598D4800AF4ED3 /* ButtonView.swift */; };
		83B8B7A02959903C00AF4ED3 /* Extensions.swift in Sources */ = {isa = PBXBuildFile; fileRef = 83B8B79F2959903C00AF4ED3 /* Extensions.swift */; };
		83B8B7A2295998C700AF4ED3 /* BottomView.swift in Sources */ = {isa = PBXBuildFile; fileRef = 83B8B7A1295998C700AF4ED3 /* BottomView.swift */; };
		83B8B7A7295B33E800AF4ED3 /* CalculatorClass.swift in Sources */ = {isa = PBXBuildFile; fileRef = 83B8B7A6295B33E800AF4ED3 /* CalculatorClass.swift */; };
		83B8B7A9295C85E100AF4ED3 /* LineView.swift in Sources */ = {isa = PBXBuildFile; fileRef = 83B8B7A8295C85E100AF4ED3 /* LineView.swift */; };
		83D85CE2295D6E1300A9AC70 /* CalculatorView.swift in Sources */ = {isa = PBXBuildFile; fileRef = 83D85CE1295D6E1300A9AC70 /* CalculatorView.swift */; };
		83E2D5D529675B9900DB1BBE /* HistoryView.swift in Sources */ = {isa = PBXBuildFile; fileRef = 83E2D5D429675B9900DB1BBE /* HistoryView.swift */; };
		83E2D5D829675F8300DB1BBE /* History.xcdatamodeld in Sources */ = {isa = PBXBuildFile; fileRef = 83E2D5D629675F8300DB1BBE /* History.xcdatamodeld */; };
		83E2D5DE2967618D00DB1BBE /* PersistenceController.swift in Sources */ = {isa = PBXBuildFile; fileRef = 83E2D5DD2967618D00DB1BBE /* PersistenceController.swift */; };
		83F66AFF296C744700AE089F /* UnitConverterScreen.swift in Sources */ = {isa = PBXBuildFile; fileRef = 83F66AFE296C744700AE089F /* UnitConverterScreen.swift */; };
		83F66B01296C990600AE089F /* Enums.swift in Sources */ = {isa = PBXBuildFile; fileRef = 83F66B00296C990600AE089F /* Enums.swift */; };
/* End PBXBuildFile section */

/* Begin PBXFileReference section */
		8357C78F2C39CC2C003FCAF5 /* TopView.swift */ = {isa = PBXFileReference; lastKnownFileType = sourcecode.swift; path = TopView.swift; sourceTree = "<group>"; };
		839283EA2DD98A3900E1916C /* MainScreen.swift */ = {isa = PBXFileReference; lastKnownFileType = sourcecode.swift; path = MainScreen.swift; sourceTree = "<group>"; };
		83B8B78A295988A400AF4ED3 /* SungCalculator.app */ = {isa = PBXFileReference; explicitFileType = wrapper.application; includeInIndex = 0; path = SungCalculator.app; sourceTree = BUILT_PRODUCTS_DIR; };
		83B8B78D295988A400AF4ED3 /* SungCalculatorApp.swift */ = {isa = PBXFileReference; lastKnownFileType = sourcecode.swift; path = SungCalculatorApp.swift; sourceTree = "<group>"; };
		83B8B78F295988A400AF4ED3 /* ContentView.swift */ = {isa = PBXFileReference; lastKnownFileType = sourcecode.swift; path = ContentView.swift; sourceTree = "<group>"; };
		83B8B791295988A700AF4ED3 /* Assets.xcassets */ = {isa = PBXFileReference; lastKnownFileType = folder.assetcatalog; path = Assets.xcassets; sourceTree = "<group>"; };
		83B8B794295988A700AF4ED3 /* Preview Assets.xcassets */ = {isa = PBXFileReference; lastKnownFileType = folder.assetcatalog; path = "Preview Assets.xcassets"; sourceTree = "<group>"; };
		83B8B79D29598D4800AF4ED3 /* ButtonView.swift */ = {isa = PBXFileReference; lastKnownFileType = sourcecode.swift; path = ButtonView.swift; sourceTree = "<group>"; };
		83B8B79F2959903C00AF4ED3 /* Extensions.swift */ = {isa = PBXFileReference; lastKnownFileType = sourcecode.swift; path = Extensions.swift; sourceTree = "<group>"; };
		83B8B7A1295998C700AF4ED3 /* BottomView.swift */ = {isa = PBXFileReference; lastKnownFileType = sourcecode.swift; path = BottomView.swift; sourceTree = "<group>"; };
		83B8B7A6295B33E800AF4ED3 /* CalculatorClass.swift */ = {isa = PBXFileReference; lastKnownFileType = sourcecode.swift; path = CalculatorClass.swift; sourceTree = "<group>"; };
		83B8B7A8295C85E100AF4ED3 /* LineView.swift */ = {isa = PBXFileReference; lastKnownFileType = sourcecode.swift; path = LineView.swift; sourceTree = "<group>"; };
		83D85CE1295D6E1300A9AC70 /* CalculatorView.swift */ = {isa = PBXFileReference; lastKnownFileType = sourcecode.swift; path = CalculatorView.swift; sourceTree = "<group>"; };
		83E2D5D429675B9900DB1BBE /* HistoryView.swift */ = {isa = PBXFileReference; lastKnownFileType = sourcecode.swift; path = HistoryView.swift; sourceTree = "<group>"; };
		83E2D5D729675F8300DB1BBE /* History.xcdatamodel */ = {isa = PBXFileReference; lastKnownFileType = wrapper.xcdatamodel; path = History.xcdatamodel; sourceTree = "<group>"; };
		83E2D5DD2967618D00DB1BBE /* PersistenceController.swift */ = {isa = PBXFileReference; fileEncoding = 4; lastKnownFileType = sourcecode.swift; path = PersistenceController.swift; sourceTree = "<group>"; };
		83F66AFE296C744700AE089F /* UnitConverterScreen.swift */ = {isa = PBXFileReference; lastKnownFileType = sourcecode.swift; path = UnitConverterScreen.swift; sourceTree = "<group>"; };
		83F66B00296C990600AE089F /* Enums.swift */ = {isa = PBXFileReference; lastKnownFileType = sourcecode.swift; path = Enums.swift; sourceTree = "<group>"; };
/* End PBXFileReference section */

/* Begin PBXFrameworksBuildPhase section */
		83B8B787295988A400AF4ED3 /* Frameworks */ = {
			isa = PBXFrameworksBuildPhase;
			buildActionMask = 2147483647;
			files = (
				839F3F682DE4173D002C68FF /* Expression in Frameworks */,
			);
			runOnlyForDeploymentPostprocessing = 0;
		};
/* End PBXFrameworksBuildPhase section */

/* Begin PBXGroup section */
		83B8B781295988A400AF4ED3 = {
			isa = PBXGroup;
			children = (
				83B8B78C295988A400AF4ED3 /* SungCalculator */,
				83B8B78B295988A400AF4ED3 /* Products */,
			);
			sourceTree = "<group>";
		};
		83B8B78B295988A400AF4ED3 /* Products */ = {
			isa = PBXGroup;
			children = (
				83B8B78A295988A400AF4ED3 /* SungCalculator.app */,
			);
			name = Products;
			sourceTree = "<group>";
		};
		83B8B78C295988A400AF4ED3 /* SungCalculator */ = {
			isa = PBXGroup;
			children = (
				83B8B78D295988A400AF4ED3 /* SungCalculatorApp.swift */,
				83E2D5DF2968E6B200DB1BBE /* Models */,
				83B8B7A5295B33A200AF4ED3 /* Views */,
				83E2D5E02968E6CB00DB1BBE /* ViewModel */,
				83E2D5E1296B70C000DB1BBE /* Utilities */,
				83B8B791295988A700AF4ED3 /* Assets.xcassets */,
				83B8B793295988A700AF4ED3 /* Preview Content */,
			);
			path = SungCalculator;
			sourceTree = "<group>";
		};
		83B8B793295988A700AF4ED3 /* Preview Content */ = {
			isa = PBXGroup;
			children = (
				83B8B794295988A700AF4ED3 /* Preview Assets.xcassets */,
			);
			path = "Preview Content";
			sourceTree = "<group>";
		};
		83B8B7A5295B33A200AF4ED3 /* Views */ = {
			isa = PBXGroup;
			children = (
				83B8B7AB295C950A00AF4ED3 /* Screens */,
				83B8B7AA295C94CE00AF4ED3 /* CalculatorScreenSubviews */,
			);
			path = Views;
			sourceTree = "<group>";
		};
		83B8B7AA295C94CE00AF4ED3 /* CalculatorScreenSubviews */ = {
			isa = PBXGroup;
			children = (
				8357C78F2C39CC2C003FCAF5 /* TopView.swift */,
				83B8B7A1295998C700AF4ED3 /* BottomView.swift */,
				83B8B79D29598D4800AF4ED3 /* ButtonView.swift */,
				83E2D5D429675B9900DB1BBE /* HistoryView.swift */,
				83B8B7A8295C85E100AF4ED3 /* LineView.swift */,
			);
			path = CalculatorScreenSubviews;
			sourceTree = "<group>";
		};
		83B8B7AB295C950A00AF4ED3 /* Screens */ = {
			isa = PBXGroup;
			children = (
				83B8B78F295988A400AF4ED3 /* ContentView.swift */,
				839283EA2DD98A3900E1916C /* MainScreen.swift */,
				83D85CE1295D6E1300A9AC70 /* CalculatorView.swift */,
				83F66AFE296C744700AE089F /* UnitConverterScreen.swift */,
			);
			path = Screens;
			sourceTree = "<group>";
		};
		83E2D5DF2968E6B200DB1BBE /* Models */ = {
			isa = PBXGroup;
			children = (
				83E2D5DD2967618D00DB1BBE /* PersistenceController.swift */,
				83E2D5D629675F8300DB1BBE /* History.xcdatamodeld */,
			);
			path = Models;
			sourceTree = "<group>";
		};
		83E2D5E02968E6CB00DB1BBE /* ViewModel */ = {
			isa = PBXGroup;
			children = (
				83B8B7A6295B33E800AF4ED3 /* CalculatorClass.swift */,
			);
			path = ViewModel;
			sourceTree = "<group>";
		};
		83E2D5E1296B70C000DB1BBE /* Utilities */ = {
			isa = PBXGroup;
			children = (
				83B8B79F2959903C00AF4ED3 /* Extensions.swift */,
				83F66B00296C990600AE089F /* Enums.swift */,
			);
			path = Utilities;
			sourceTree = "<group>";
		};
/* End PBXGroup section */

/* Begin PBXNativeTarget section */
		83B8B789295988A400AF4ED3 /* SungCalculator */ = {
			isa = PBXNativeTarget;
			buildConfigurationList = 83B8B798295988A700AF4ED3 /* Build configuration list for PBXNativeTarget "SungCalculator" */;
			buildPhases = (
				83B8B786295988A400AF4ED3 /* Sources */,
				83B8B787295988A400AF4ED3 /* Frameworks */,
				83B8B788295988A400AF4ED3 /* Resources */,
			);
			buildRules = (
			);
			dependencies = (
			);
			name = SungCalculator;
			productName = SungCalculator;
			productReference = 83B8B78A295988A400AF4ED3 /* SungCalculator.app */;
			productType = "com.apple.product-type.application";
		};
/* End PBXNativeTarget section */

/* Begin PBXProject section */
		83B8B782295988A400AF4ED3 /* Project object */ = {
			isa = PBXProject;
			attributes = {
				BuildIndependentTargetsInParallel = 1;
				LastSwiftUpdateCheck = 1420;
				LastUpgradeCheck = 1420;
				TargetAttributes = {
					83B8B789295988A400AF4ED3 = {
						CreatedOnToolsVersion = 14.2;
					};
				};
			};
			buildConfigurationList = 83B8B785295988A400AF4ED3 /* Build configuration list for PBXProject "SungCalculator" */;
			compatibilityVersion = "Xcode 14.0";
			developmentRegion = en;
			hasScannedForEncodings = 0;
			knownRegions = (
				en,
				Base,
			);
			mainGroup = 83B8B781295988A400AF4ED3;
			packageReferences = (
				839F3F662DE4173D002C68FF /* XCRemoteSwiftPackageReference "Expression" */,
			);
			productRefGroup = 83B8B78B295988A400AF4ED3 /* Products */;
			projectDirPath = "";
			projectRoot = "";
			targets = (
				83B8B789295988A400AF4ED3 /* SungCalculator */,
			);
		};
/* End PBXProject section */

/* Begin PBXResourcesBuildPhase section */
		83B8B788295988A400AF4ED3 /* Resources */ = {
			isa = PBXResourcesBuildPhase;
			buildActionMask = 2147483647;
			files = (
				83B8B795295988A700AF4ED3 /* Preview Assets.xcassets in Resources */,
				83B8B792295988A700AF4ED3 /* Assets.xcassets in Resources */,
			);
			runOnlyForDeploymentPostprocessing = 0;
		};
/* End PBXResourcesBuildPhase section */

/* Begin PBXSourcesBuildPhase section */
		83B8B786295988A400AF4ED3 /* Sources */ = {
			isa = PBXSourcesBuildPhase;
			buildActionMask = 2147483647;
			files = (
				839283EB2DD98A3900E1916C /* MainScreen.swift in Sources */,
				83B8B7A7295B33E800AF4ED3 /* CalculatorClass.swift in Sources */,
				83E2D5DE2967618D00DB1BBE /* PersistenceController.swift in Sources */,
				83B8B7A02959903C00AF4ED3 /* Extensions.swift in Sources */,
				83B8B790295988A400AF4ED3 /* ContentView.swift in Sources */,
				83E2D5D829675F8300DB1BBE /* History.xcdatamodeld in Sources */,
				8357C7902C39CC2C003FCAF5 /* TopView.swift in Sources */,
				83B8B7A9295C85E100AF4ED3 /* LineView.swift in Sources */,
				83B8B7A2295998C700AF4ED3 /* BottomView.swift in Sources */,
				83B8B79E29598D4800AF4ED3 /* ButtonView.swift in Sources */,
				83E2D5D529675B9900DB1BBE /* HistoryView.swift in Sources */,
				83F66AFF296C744700AE089F /* UnitConverterScreen.swift in Sources */,
				83D85CE2295D6E1300A9AC70 /* CalculatorView.swift in Sources */,
				83F66B01296C990600AE089F /* Enums.swift in Sources */,
				83B8B78E295988A400AF4ED3 /* SungCalculatorApp.swift in Sources */,
			);
			runOnlyForDeploymentPostprocessing = 0;
		};
/* End PBXSourcesBuildPhase section */

/* Begin XCBuildConfiguration section */
		83B8B796295988A700AF4ED3 /* Debug */ = {
			isa = XCBuildConfiguration;
			buildSettings = {
				ALWAYS_SEARCH_USER_PATHS = NO;
				CLANG_ANALYZER_NONNULL = YES;
				CLANG_ANALYZER_NUMBER_OBJECT_CONVERSION = YES_AGGRESSIVE;
				CLANG_CXX_LANGUAGE_STANDARD = "gnu++20";
				CLANG_ENABLE_MODULES = YES;
				CLANG_ENABLE_OBJC_ARC = YES;
				CLANG_ENABLE_OBJC_WEAK = YES;
				CLANG_WARN_BLOCK_CAPTURE_AUTORELEASING = YES;
				CLANG_WARN_BOOL_CONVERSION = YES;
				CLANG_WARN_COMMA = YES;
				CLANG_WARN_CONSTANT_CONVERSION = YES;
				CLANG_WARN_DEPRECATED_OBJC_IMPLEMENTATIONS = YES;
				CLANG_WARN_DIRECT_OBJC_ISA_USAGE = YES_ERROR;
				CLANG_WARN_DOCUMENTATION_COMMENTS = YES;
				CLANG_WARN_EMPTY_BODY = YES;
				CLANG_WARN_ENUM_CONVERSION = YES;
				CLANG_WARN_INFINITE_RECURSION = YES;
				CLANG_WARN_INT_CONVERSION = YES;
				CLANG_WARN_NON_LITERAL_NULL_CONVERSION = YES;
				CLANG_WARN_OBJC_IMPLICIT_RETAIN_SELF = YES;
				CLANG_WARN_OBJC_LITERAL_CONVERSION = YES;
				CLANG_WARN_OBJC_ROOT_CLASS = YES_ERROR;
				CLANG_WARN_QUOTED_INCLUDE_IN_FRAMEWORK_HEADER = YES;
				CLANG_WARN_RANGE_LOOP_ANALYSIS = YES;
				CLANG_WARN_STRICT_PROTOTYPES = YES;
				CLANG_WARN_SUSPICIOUS_MOVE = YES;
				CLANG_WARN_UNGUARDED_AVAILABILITY = YES_AGGRESSIVE;
				CLANG_WARN_UNREACHABLE_CODE = YES;
				CLANG_WARN__DUPLICATE_METHOD_MATCH = YES;
				COPY_PHASE_STRIP = NO;
				DEBUG_INFORMATION_FORMAT = dwarf;
				ENABLE_STRICT_OBJC_MSGSEND = YES;
				ENABLE_TESTABILITY = YES;
				GCC_C_LANGUAGE_STANDARD = gnu11;
				GCC_DYNAMIC_NO_PIC = NO;
				GCC_NO_COMMON_BLOCKS = YES;
				GCC_OPTIMIZATION_LEVEL = 0;
				GCC_PREPROCESSOR_DEFINITIONS = (
					"DEBUG=1",
					"$(inherited)",
				);
				GCC_WARN_64_TO_32_BIT_CONVERSION = YES;
				GCC_WARN_ABOUT_RETURN_TYPE = YES_ERROR;
				GCC_WARN_UNDECLARED_SELECTOR = YES;
				GCC_WARN_UNINITIALIZED_AUTOS = YES_AGGRESSIVE;
				GCC_WARN_UNUSED_FUNCTION = YES;
				GCC_WARN_UNUSED_VARIABLE = YES;
				IPHONEOS_DEPLOYMENT_TARGET = 16.2;
				MTL_ENABLE_DEBUG_INFO = INCLUDE_SOURCE;
				MTL_FAST_MATH = YES;
				ONLY_ACTIVE_ARCH = YES;
				SDKROOT = iphoneos;
				SWIFT_ACTIVE_COMPILATION_CONDITIONS = DEBUG;
				SWIFT_OPTIMIZATION_LEVEL = "-Onone";
			};
			name = Debug;
		};
		83B8B797295988A700AF4ED3 /* Release */ = {
			isa = XCBuildConfiguration;
			buildSettings = {
				ALWAYS_SEARCH_USER_PATHS = NO;
				CLANG_ANALYZER_NONNULL = YES;
				CLANG_ANALYZER_NUMBER_OBJECT_CONVERSION = YES_AGGRESSIVE;
				CLANG_CXX_LANGUAGE_STANDARD = "gnu++20";
				CLANG_ENABLE_MODULES = YES;
				CLANG_ENABLE_OBJC_ARC = YES;
				CLANG_ENABLE_OBJC_WEAK = YES;
				CLANG_WARN_BLOCK_CAPTURE_AUTORELEASING = YES;
				CLANG_WARN_BOOL_CONVERSION = YES;
				CLANG_WARN_COMMA = YES;
				CLANG_WARN_CONSTANT_CONVERSION = YES;
				CLANG_WARN_DEPRECATED_OBJC_IMPLEMENTATIONS = YES;
				CLANG_WARN_DIRECT_OBJC_ISA_USAGE = YES_ERROR;
				CLANG_WARN_DOCUMENTATION_COMMENTS = YES;
				CLANG_WARN_EMPTY_BODY = YES;
				CLANG_WARN_ENUM_CONVERSION = YES;
				CLANG_WARN_INFINITE_RECURSION = YES;
				CLANG_WARN_INT_CONVERSION = YES;
				CLANG_WARN_NON_LITERAL_NULL_CONVERSION = YES;
				CLANG_WARN_OBJC_IMPLICIT_RETAIN_SELF = YES;
				CLANG_WARN_OBJC_LITERAL_CONVERSION = YES;
				CLANG_WARN_OBJC_ROOT_CLASS = YES_ERROR;
				CLANG_WARN_QUOTED_INCLUDE_IN_FRAMEWORK_HEADER = YES;
				CLANG_WARN_RANGE_LOOP_ANALYSIS = YES;
				CLANG_WARN_STRICT_PROTOTYPES = YES;
				CLANG_WARN_SUSPICIOUS_MOVE = YES;
				CLANG_WARN_UNGUARDED_AVAILABILITY = YES_AGGRESSIVE;
				CLANG_WARN_UNREACHABLE_CODE = YES;
				CLANG_WARN__DUPLICATE_METHOD_MATCH = YES;
				COPY_PHASE_STRIP = NO;
				DEBUG_INFORMATION_FORMAT = "dwarf-with-dsym";
				ENABLE_NS_ASSERTIONS = NO;
				ENABLE_STRICT_OBJC_MSGSEND = YES;
				GCC_C_LANGUAGE_STANDARD = gnu11;
				GCC_NO_COMMON_BLOCKS = YES;
				GCC_WARN_64_TO_32_BIT_CONVERSION = YES;
				GCC_WARN_ABOUT_RETURN_TYPE = YES_ERROR;
				GCC_WARN_UNDECLARED_SELECTOR = YES;
				GCC_WARN_UNINITIALIZED_AUTOS = YES_AGGRESSIVE;
				GCC_WARN_UNUSED_FUNCTION = YES;
				GCC_WARN_UNUSED_VARIABLE = YES;
				IPHONEOS_DEPLOYMENT_TARGET = 16.2;
				MTL_ENABLE_DEBUG_INFO = NO;
				MTL_FAST_MATH = YES;
				SDKROOT = iphoneos;
				SWIFT_COMPILATION_MODE = wholemodule;
				SWIFT_OPTIMIZATION_LEVEL = "-O";
				VALIDATE_PRODUCT = YES;
			};
			name = Release;
		};
		83B8B799295988A700AF4ED3 /* Debug */ = {
			isa = XCBuildConfiguration;
			buildSettings = {
				ASSETCATALOG_COMPILER_APPICON_NAME = AppIcon;
				ASSETCATALOG_COMPILER_GLOBAL_ACCENT_COLOR_NAME = AccentColor;
				CODE_SIGN_STYLE = Automatic;
				CURRENT_PROJECT_VERSION = 1;
				DEVELOPMENT_ASSET_PATHS = "\"SungCalculator/Preview Content\"";
				DEVELOPMENT_TEAM = QNXV57SQKM;
				ENABLE_PREVIEWS = YES;
				GENERATE_INFOPLIST_FILE = YES;
				INFOPLIST_KEY_UIApplicationSceneManifest_Generation = YES;
				INFOPLIST_KEY_UIApplicationSupportsIndirectInputEvents = YES;
				INFOPLIST_KEY_UILaunchScreen_Generation = YES;
				INFOPLIST_KEY_UISupportedInterfaceOrientations = UIInterfaceOrientationPortrait;
				IPHONEOS_DEPLOYMENT_TARGET = 16.0;
				LD_RUNPATH_SEARCH_PATHS = (
					"$(inherited)",
					"@executable_path/Frameworks",
				);
				MARKETING_VERSION = 1.0;
				PRODUCT_BUNDLE_IDENTIFIER = com.sannideveloper.SungCalculator;
				PRODUCT_NAME = "$(TARGET_NAME)";
				SUPPORTED_PLATFORMS = "iphoneos iphonesimulator";
				SUPPORTS_MACCATALYST = NO;
				SUPPORTS_MAC_DESIGNED_FOR_IPHONE_IPAD = NO;
				SUPPORTS_XR_DESIGNED_FOR_IPHONE_IPAD = NO;
				SWIFT_EMIT_LOC_STRINGS = YES;
				SWIFT_VERSION = 5.0;
				TARGETED_DEVICE_FAMILY = 1;
			};
			name = Debug;
		};
		83B8B79A295988A700AF4ED3 /* Release */ = {
			isa = XCBuildConfiguration;
			buildSettings = {
				ASSETCATALOG_COMPILER_APPICON_NAME = AppIcon;
				ASSETCATALOG_COMPILER_GLOBAL_ACCENT_COLOR_NAME = AccentColor;
				CODE_SIGN_STYLE = Automatic;
				CURRENT_PROJECT_VERSION = 1;
				DEVELOPMENT_ASSET_PATHS = "\"SungCalculator/Preview Content\"";
				DEVELOPMENT_TEAM = QNXV57SQKM;
				ENABLE_PREVIEWS = YES;
				GENERATE_INFOPLIST_FILE = YES;
				INFOPLIST_KEY_UIApplicationSceneManifest_Generation = YES;
				INFOPLIST_KEY_UIApplicationSupportsIndirectInputEvents = YES;
				INFOPLIST_KEY_UILaunchScreen_Generation = YES;
				INFOPLIST_KEY_UISupportedInterfaceOrientations = UIInterfaceOrientationPortrait;
				IPHONEOS_DEPLOYMENT_TARGET = 16.0;
				LD_RUNPATH_SEARCH_PATHS = (
					"$(inherited)",
					"@executable_path/Frameworks",
				);
				MARKETING_VERSION = 1.0;
				PRODUCT_BUNDLE_IDENTIFIER = com.sannideveloper.SungCalculator;
				PRODUCT_NAME = "$(TARGET_NAME)";
				SUPPORTED_PLATFORMS = "iphoneos iphonesimulator";
				SUPPORTS_MACCATALYST = NO;
				SUPPORTS_MAC_DESIGNED_FOR_IPHONE_IPAD = NO;
				SUPPORTS_XR_DESIGNED_FOR_IPHONE_IPAD = NO;
				SWIFT_EMIT_LOC_STRINGS = YES;
				SWIFT_VERSION = 5.0;
				TARGETED_DEVICE_FAMILY = 1;
			};
			name = Release;
		};
/* End XCBuildConfiguration section */

/* Begin XCConfigurationList section */
		83B8B785295988A400AF4ED3 /* Build configuration list for PBXProject "SungCalculator" */ = {
			isa = XCConfigurationList;
			buildConfigurations = (
				83B8B796295988A700AF4ED3 /* Debug */,
				83B8B797295988A700AF4ED3 /* Release */,
			);
			defaultConfigurationIsVisible = 0;
			defaultConfigurationName = Release;
		};
		83B8B798295988A700AF4ED3 /* Build configuration list for PBXNativeTarget "SungCalculator" */ = {
			isa = XCConfigurationList;
			buildConfigurations = (
				83B8B799295988A700AF4ED3 /* Debug */,
				83B8B79A295988A700AF4ED3 /* Release */,
			);
			defaultConfigurationIsVisible = 0;
			defaultConfigurationName = Release;
		};
/* End XCConfigurationList section */

/* Begin XCRemoteSwiftPackageReference section */
		839F3F662DE4173D002C68FF /* XCRemoteSwiftPackageReference "Expression" */ = {
			isa = XCRemoteSwiftPackageReference;
			repositoryURL = "https://github.com/nicklockwood/Expression.git";
			requirement = {
				kind = upToNextMajorVersion;
				minimumVersion = 0.13.9;
			};
		};
/* End XCRemoteSwiftPackageReference section */

/* Begin XCSwiftPackageProductDependency section */
		839F3F672DE4173D002C68FF /* Expression */ = {
			isa = XCSwiftPackageProductDependency;
			package = 839F3F662DE4173D002C68FF /* XCRemoteSwiftPackageReference "Expression" */;
			productName = Expression;
		};
/* End XCSwiftPackageProductDependency section */

/* Begin XCVersionGroup section */
		83E2D5D629675F8300DB1BBE /* History.xcdatamodeld */ = {
			isa = XCVersionGroup;
			children = (
				83E2D5D729675F8300DB1BBE /* History.xcdatamodel */,
			);
			currentVersion = 83E2D5D729675F8300DB1BBE /* History.xcdatamodel */;
			path = History.xcdatamodeld;
			sourceTree = "<group>";
			versionGroupType = wrapper.xcdatamodel;
		};
/* End XCVersionGroup section */
	};
	rootObject = 83B8B782295988A400AF4ED3 /* Project object */;
}
